PODS:
  - audio_waveforms (0.0.1):
    - Flutter
  - Flutter (1.0.0)

DEPENDENCIES:
  - audio_waveforms (from `.symlinks/plugins/audio_waveforms/ios`)
  - Flutter (from `Flutter`)

EXTERNAL SOURCES:
  audio_waveforms:
    :path: ".symlinks/plugins/audio_waveforms/ios"
  Flutter:
    :path: Flutter

SPEC CHECKSUMS:
  audio_waveforms: cd736909ebc6b6a164eb74701d8c705ce3241e1c
  Flutter: e0871f40cf51350855a761d2e70bf5af5b9b5de7

PODFILE CHECKSUM: 819463e6a0290f5a72f145ba7cde16e8b6ef0796

COCOAPODS: 1.14.3
